
Microsoft Visual Studio Solution File, Format Version 12.00
# Visual Studio Version 17
VisualStudioVersion = 17.0.31903.59
MinimumVisualStudioVersion = 10.0.40219.1
Project("{2150E333-8FDC-42A3-9474-1A3956D46DE8}") = "src", "src", "{827E0CD3-B72D-47B6-A68D-7590B98EB39B}"
EndProject
Project("{FAE04EC0-301F-11D3-BF4B-00C04F79EFBC}") = "AuditLogService.Api", "src\AuditLogService.Api\AuditLogService.Api.csproj", "{BD071A45-7DD1-4FC1-9400-AF2D65FAFF13}"
EndProject
Project("{FAE04EC0-301F-11D3-BF4B-00C04F79EFBC}") = "AuditLogService.Application", "src\AuditLogService.Application\AuditLogService.Application.csproj", "{E76F6FD1-D4B4-4F19-B707-0DC69B893CFE}"
EndProject
Project("{FAE04EC0-301F-11D3-BF4B-00C04F79EFBC}") = "AuditLogService.Domain", "src\AuditLogService.Domain\AuditLogService.Domain.csproj", "{F56AD372-D69D-4540-87E9-ECE2DCC60DD5}"
EndProject
Project("{FAE04EC0-301F-11D3-BF4B-00C04F79EFBC}") = "AuditLogService.Infrastructure", "src\AuditLogService.Infrastructure\AuditLogService.Infrastructure.csproj", "{A70857F6-87CE-4015-BDB2-FE81C4F5A101}"
EndProject
Project("{2150E333-8FDC-42A3-9474-1A3956D46DE8}") = "tests", "tests", "{0AB3BF05-4346-4AA6-1389-037BE0695223}"
EndProject
Project("{FAE04EC0-301F-11D3-BF4B-00C04F79EFBC}") = "AuditLogService.UnitTests", "tests\AuditLogService.UnitTests\AuditLogService.UnitTests.csproj", "{DFF59D29-E6E3-4CF7-97AA-1467CD452118}"
EndProject
Project("{FAE04EC0-301F-11D3-BF4B-00C04F79EFBC}") = "AuditLogService.IntegrationTests", "tests\AuditLogService.IntegrationTests\AuditLogService.IntegrationTests.csproj", "{3DFB13A4-073E-4792-99C5-09D9A04679EE}"
EndProject
Project("{FAE04EC0-301F-11D3-BF4B-00C04F79EFBC}") = "AuditLogService.LoadTests", "tests\AuditLogService.LoadTests\AuditLogService.LoadTests.csproj", "{6FCAC9EE-186F-48A4-A495-DA7D9C80EE92}"
EndProject
Global
	GlobalSection(SolutionConfigurationPlatforms) = preSolution
		Debug|Any CPU = Debug|Any CPU
		Debug|x64 = Debug|x64
		Debug|x86 = Debug|x86
		Release|Any CPU = Release|Any CPU
		Release|x64 = Release|x64
		Release|x86 = Release|x86
	EndGlobalSection
	GlobalSection(ProjectConfigurationPlatforms) = postSolution
		{BD071A45-7DD1-4FC1-9400-AF2D65FAFF13}.Debug|Any CPU.ActiveCfg = Debug|Any CPU
		{BD071A45-7DD1-4FC1-9400-AF2D65FAFF13}.Debug|Any CPU.Build.0 = Debug|Any CPU
		{BD071A45-7DD1-4FC1-9400-AF2D65FAFF13}.Debug|x64.ActiveCfg = Debug|Any CPU
		{BD071A45-7DD1-4FC1-9400-AF2D65FAFF13}.Debug|x64.Build.0 = Debug|Any CPU
		{BD071A45-7DD1-4FC1-9400-AF2D65FAFF13}.Debug|x86.ActiveCfg = Debug|Any CPU
		{BD071A45-7DD1-4FC1-9400-AF2D65FAFF13}.Debug|x86.Build.0 = Debug|Any CPU
		{BD071A45-7DD1-4FC1-9400-AF2D65FAFF13}.Release|Any CPU.ActiveCfg = Release|Any CPU
		{BD071A45-7DD1-4FC1-9400-AF2D65FAFF13}.Release|Any CPU.Build.0 = Release|Any CPU
		{BD071A45-7DD1-4FC1-9400-AF2D65FAFF13}.Release|x64.ActiveCfg = Release|Any CPU
		{BD071A45-7DD1-4FC1-9400-AF2D65FAFF13}.Release|x64.Build.0 = Release|Any CPU
		{BD071A45-7DD1-4FC1-9400-AF2D65FAFF13}.Release|x86.ActiveCfg = Release|Any CPU
		{BD071A45-7DD1-4FC1-9400-AF2D65FAFF13}.Release|x86.Build.0 = Release|Any CPU
		{E76F6FD1-D4B4-4F19-B707-0DC69B893CFE}.Debug|Any CPU.ActiveCfg = Debug|Any CPU
		{E76F6FD1-D4B4-4F19-B707-0DC69B893CFE}.Debug|Any CPU.Build.0 = Debug|Any CPU
		{E76F6FD1-D4B4-4F19-B707-0DC69B893CFE}.Debug|x64.ActiveCfg = Debug|Any CPU
		{E76F6FD1-D4B4-4F19-B707-0DC69B893CFE}.Debug|x64.Build.0 = Debug|Any CPU
		{E76F6FD1-D4B4-4F19-B707-0DC69B893CFE}.Debug|x86.ActiveCfg = Debug|Any CPU
		{E76F6FD1-D4B4-4F19-B707-0DC69B893CFE}.Debug|x86.Build.0 = Debug|Any CPU
		{E76F6FD1-D4B4-4F19-B707-0DC69B893CFE}.Release|Any CPU.ActiveCfg = Release|Any CPU
		{E76F6FD1-D4B4-4F19-B707-0DC69B893CFE}.Release|Any CPU.Build.0 = Release|Any CPU
		{E76F6FD1-D4B4-4F19-B707-0DC69B893CFE}.Release|x64.ActiveCfg = Release|Any CPU
		{E76F6FD1-D4B4-4F19-B707-0DC69B893CFE}.Release|x64.Build.0 = Release|Any CPU
		{E76F6FD1-D4B4-4F19-B707-0DC69B893CFE}.Release|x86.ActiveCfg = Release|Any CPU
		{E76F6FD1-D4B4-4F19-B707-0DC69B893CFE}.Release|x86.Build.0 = Release|Any CPU
		{F56AD372-D69D-4540-87E9-ECE2DCC60DD5}.Debug|Any CPU.ActiveCfg = Debug|Any CPU
		{F56AD372-D69D-4540-87E9-ECE2DCC60DD5}.Debug|Any CPU.Build.0 = Debug|Any CPU
		{F56AD372-D69D-4540-87E9-ECE2DCC60DD5}.Debug|x64.ActiveCfg = Debug|Any CPU
		{F56AD372-D69D-4540-87E9-ECE2DCC60DD5}.Debug|x64.Build.0 = Debug|Any CPU
		{F56AD372-D69D-4540-87E9-ECE2DCC60DD5}.Debug|x86.ActiveCfg = Debug|Any CPU
		{F56AD372-D69D-4540-87E9-ECE2DCC60DD5}.Debug|x86.Build.0 = Debug|Any CPU
		{F56AD372-D69D-4540-87E9-ECE2DCC60DD5}.Release|Any CPU.ActiveCfg = Release|Any CPU
		{F56AD372-D69D-4540-87E9-ECE2DCC60DD5}.Release|Any CPU.Build.0 = Release|Any CPU
		{F56AD372-D69D-4540-87E9-ECE2DCC60DD5}.Release|x64.ActiveCfg = Release|Any CPU
		{F56AD372-D69D-4540-87E9-ECE2DCC60DD5}.Release|x64.Build.0 = Release|Any CPU
		{F56AD372-D69D-4540-87E9-ECE2DCC60DD5}.Release|x86.ActiveCfg = Release|Any CPU
		{F56AD372-D69D-4540-87E9-ECE2DCC60DD5}.Release|x86.Build.0 = Release|Any CPU
		{A70857F6-87CE-4015-BDB2-FE81C4F5A101}.Debug|Any CPU.ActiveCfg = Debug|Any CPU
		{A70857F6-87CE-4015-BDB2-FE81C4F5A101}.Debug|Any CPU.Build.0 = Debug|Any CPU
		{A70857F6-87CE-4015-BDB2-FE81C4F5A101}.Debug|x64.ActiveCfg = Debug|Any CPU
		{A70857F6-87CE-4015-BDB2-FE81C4F5A101}.Debug|x64.Build.0 = Debug|Any CPU
		{A70857F6-87CE-4015-BDB2-FE81C4F5A101}.Debug|x86.ActiveCfg = Debug|Any CPU
		{A70857F6-87CE-4015-BDB2-FE81C4F5A101}.Debug|x86.Build.0 = Debug|Any CPU
		{A70857F6-87CE-4015-BDB2-FE81C4F5A101}.Release|Any CPU.ActiveCfg = Release|Any CPU
		{A70857F6-87CE-4015-BDB2-FE81C4F5A101}.Release|Any CPU.Build.0 = Release|Any CPU
		{A70857F6-87CE-4015-BDB2-FE81C4F5A101}.Release|x64.ActiveCfg = Release|Any CPU
		{A70857F6-87CE-4015-BDB2-FE81C4F5A101}.Release|x64.Build.0 = Release|Any CPU
		{A70857F6-87CE-4015-BDB2-FE81C4F5A101}.Release|x86.ActiveCfg = Release|Any CPU
		{A70857F6-87CE-4015-BDB2-FE81C4F5A101}.Release|x86.Build.0 = Release|Any CPU
		{DFF59D29-E6E3-4CF7-97AA-1467CD452118}.Debug|Any CPU.ActiveCfg = Debug|Any CPU
		{DFF59D29-E6E3-4CF7-97AA-1467CD452118}.Debug|Any CPU.Build.0 = Debug|Any CPU
		{DFF59D29-E6E3-4CF7-97AA-1467CD452118}.Debug|x64.ActiveCfg = Debug|Any CPU
		{DFF59D29-E6E3-4CF7-97AA-1467CD452118}.Debug|x64.Build.0 = Debug|Any CPU
		{DFF59D29-E6E3-4CF7-97AA-1467CD452118}.Debug|x86.ActiveCfg = Debug|Any CPU
		{DFF59D29-E6E3-4CF7-97AA-1467CD452118}.Debug|x86.Build.0 = Debug|Any CPU
		{DFF59D29-E6E3-4CF7-97AA-1467CD452118}.Release|Any CPU.ActiveCfg = Release|Any CPU
		{DFF59D29-E6E3-4CF7-97AA-1467CD452118}.Release|Any CPU.Build.0 = Release|Any CPU
		{DFF59D29-E6E3-4CF7-97AA-1467CD452118}.Release|x64.ActiveCfg = Release|Any CPU
		{DFF59D29-E6E3-4CF7-97AA-1467CD452118}.Release|x64.Build.0 = Release|Any CPU
		{DFF59D29-E6E3-4CF7-97AA-1467CD452118}.Release|x86.ActiveCfg = Release|Any CPU
		{DFF59D29-E6E3-4CF7-97AA-1467CD452118}.Release|x86.Build.0 = Release|Any CPU
		{3DFB13A4-073E-4792-99C5-09D9A04679EE}.Debug|Any CPU.ActiveCfg = Debug|Any CPU
		{3DFB13A4-073E-4792-99C5-09D9A04679EE}.Debug|Any CPU.Build.0 = Debug|Any CPU
		{3DFB13A4-073E-4792-99C5-09D9A04679EE}.Debug|x64.ActiveCfg = Debug|Any CPU
		{3DFB13A4-073E-4792-99C5-09D9A04679EE}.Debug|x64.Build.0 = Debug|Any CPU
		{3DFB13A4-073E-4792-99C5-09D9A04679EE}.Debug|x86.ActiveCfg = Debug|Any CPU
		{3DFB13A4-073E-4792-99C5-09D9A04679EE}.Debug|x86.Build.0 = Debug|Any CPU
		{3DFB13A4-073E-4792-99C5-09D9A04679EE}.Release|Any CPU.ActiveCfg = Release|Any CPU
		{3DFB13A4-073E-4792-99C5-09D9A04679EE}.Release|Any CPU.Build.0 = Release|Any CPU
		{3DFB13A4-073E-4792-99C5-09D9A04679EE}.Release|x64.ActiveCfg = Release|Any CPU
		{3DFB13A4-073E-4792-99C5-09D9A04679EE}.Release|x64.Build.0 = Release|Any CPU
		{3DFB13A4-073E-4792-99C5-09D9A04679EE}.Release|x86.ActiveCfg = Release|Any CPU
		{3DFB13A4-073E-4792-99C5-09D9A04679EE}.Release|x86.Build.0 = Release|Any CPU
		{6FCAC9EE-186F-48A4-A495-DA7D9C80EE92}.Debug|Any CPU.ActiveCfg = Debug|Any CPU
		{6FCAC9EE-186F-48A4-A495-DA7D9C80EE92}.Debug|Any CPU.Build.0 = Debug|Any CPU
		{6FCAC9EE-186F-48A4-A495-DA7D9C80EE92}.Debug|x64.ActiveCfg = Debug|Any CPU
		{6FCAC9EE-186F-48A4-A495-DA7D9C80EE92}.Debug|x64.Build.0 = Debug|Any CPU
		{6FCAC9EE-186F-48A4-A495-DA7D9C80EE92}.Debug|x86.ActiveCfg = Debug|Any CPU
		{6FCAC9EE-186F-48A4-A495-DA7D9C80EE92}.Debug|x86.Build.0 = Debug|Any CPU
		{6FCAC9EE-186F-48A4-A495-DA7D9C80EE92}.Release|Any CPU.ActiveCfg = Release|Any CPU
		{6FCAC9EE-186F-48A4-A495-DA7D9C80EE92}.Release|Any CPU.Build.0 = Release|Any CPU
		{6FCAC9EE-186F-48A4-A495-DA7D9C80EE92}.Release|x64.ActiveCfg = Release|Any CPU
		{6FCAC9EE-186F-48A4-A495-DA7D9C80EE92}.Release|x64.Build.0 = Release|Any CPU
		{6FCAC9EE-186F-48A4-A495-DA7D9C80EE92}.Release|x86.ActiveCfg = Release|Any CPU
		{6FCAC9EE-186F-48A4-A495-DA7D9C80EE92}.Release|x86.Build.0 = Release|Any CPU
	EndGlobalSection
	GlobalSection(SolutionProperties) = preSolution
		HideSolutionNode = FALSE
	EndGlobalSection
	GlobalSection(NestedProjects) = preSolution
		{BD071A45-7DD1-4FC1-9400-AF2D65FAFF13} = {827E0CD3-B72D-47B6-A68D-7590B98EB39B}
		{E76F6FD1-D4B4-4F19-B707-0DC69B893CFE} = {827E0CD3-B72D-47B6-A68D-7590B98EB39B}
		{F56AD372-D69D-4540-87E9-ECE2DCC60DD5} = {827E0CD3-B72D-47B6-A68D-7590B98EB39B}
		{A70857F6-87CE-4015-BDB2-FE81C4F5A101} = {827E0CD3-B72D-47B6-A68D-7590B98EB39B}
		{DFF59D29-E6E3-4CF7-97AA-1467CD452118} = {0AB3BF05-4346-4AA6-1389-037BE0695223}
		{3DFB13A4-073E-4792-99C5-09D9A04679EE} = {0AB3BF05-4346-4AA6-1389-037BE0695223}
		{6FCAC9EE-186F-48A4-A495-DA7D9C80EE92} = {0AB3BF05-4346-4AA6-1389-037BE0695223}
	EndGlobalSection
EndGlobal
